
Microsoft Visual Studio Solution File, Format Version 12.00
# Visual Studio Version 16
VisualStudioVersion = 16.0.28803.452
MinimumVisualStudioVersion = 10.0.40219.1
Project("{2150E333-8FDC-42A3-9474-1A3956D46DE8}") = "Solution Items", "Solution Items", "{2F384E17-D383-4F51-B072-25E4281AC8B4}"
	ProjectSection(SolutionItems) = preProject
		.dockerignore = .dockerignore
		.editorconfig = .editorconfig
		.gitattributes = .gitattributes
		.gitignore = .gitignore
		azure-build-ci.yml = azure-build-ci.yml
		azure-release-cd.yml = azure-release-cd.yml
		LICENSE = LICENSE
		README.md = README.md
		test.RunSettings = test.RunSettings
	EndProjectSection
EndProject
Project("{2150E333-8FDC-42A3-9474-1A3956D46DE8}") = "samples", "samples", "{9E58C61E-06C8-4E3E-AC67-E8583CAD82A5}"
EndProject
Project("{2150E333-8FDC-42A3-9474-1A3956D46DE8}") = "tools", "tools", "{91732412-47D1-4412-81FB-8F8C54D28CEF}"
	ProjectSection(SolutionItems) = preProject
		tools\sonarqube-create-project-guids.ps1 = tools\sonarqube-create-project-guids.ps1
		tools\sql-poco-class-generator.sql = tools\sql-poco-class-generator.sql
	EndProjectSection
EndProject
Project("{00D1A9C2-B5F0-4AF3-8072-F6C62B433612}") = "IkeMtz.Samples.Db", "samples\IkeMtz.Samples.Db\IkeMtz.Samples.Db.sqlproj", "{3A7455C2-600A-4FF9-AD6B-2775C220BFDE}"
EndProject
Global
	GlobalSection(SolutionConfigurationPlatforms) = preSolution
		Debug|Any CPU = Debug|Any CPU
		Release|Any CPU = Release|Any CPU
	EndGlobalSection
	GlobalSection(ProjectConfigurationPlatforms) = postSolution
		{3A7455C2-600A-4FF9-AD6B-2775C220BFDE}.Debug|Any CPU.ActiveCfg = Debug|Any CPU
		{3A7455C2-600A-4FF9-AD6B-2775C220BFDE}.Debug|Any CPU.Build.0 = Debug|Any CPU
		{3A7455C2-600A-4FF9-AD6B-2775C220BFDE}.Debug|Any CPU.Deploy.0 = Debug|Any CPU
		{3A7455C2-600A-4FF9-AD6B-2775C220BFDE}.Release|Any CPU.ActiveCfg = Release|Any CPU
		{3A7455C2-600A-4FF9-AD6B-2775C220BFDE}.Release|Any CPU.Build.0 = Release|Any CPU
		{3A7455C2-600A-4FF9-AD6B-2775C220BFDE}.Release|Any CPU.Deploy.0 = Release|Any CPU
	EndGlobalSection
	GlobalSection(SolutionProperties) = preSolution
		HideSolutionNode = FALSE
	EndGlobalSection
	GlobalSection(NestedProjects) = preSolution
		{91732412-47D1-4412-81FB-8F8C54D28CEF} = {2F384E17-D383-4F51-B072-25E4281AC8B4}
		{3A7455C2-600A-4FF9-AD6B-2775C220BFDE} = {9E58C61E-06C8-4E3E-AC67-E8583CAD82A5}
	EndGlobalSection
	GlobalSection(ExtensibilityGlobals) = postSolution
		SolutionGuid = {4012E7B1-E9FD-4821-A144-B1E5362D9EA7}
	EndGlobalSection
EndGlobal
