
Microsoft Visual Studio Solution File, Format Version 12.00
# Visual Studio Version 17
VisualStudioVersion = 17.0.31903.59
MinimumVisualStudioVersion = 10.0.40219.1
Project("{2150E333-8FDC-42A3-9474-1A3956D46DE8}") = "src", "src", "{9927A0A8-CB30-482A-B095-4DC6CF397390}"
EndProject
Project("{9A19103F-16F7-4668-BE54-9A1E7A4F7556}") = "IkeMtz.NRSRx.Core.Models", "src\IkeMtz.NRSRx.Core.Models\IkeMtz.NRSRx.Core.Models.csproj", "{2E1659A1-57F2-4B37-A1E8-2B25B5183055}"
EndProject
Project("{9A19103F-16F7-4668-BE54-9A1E7A4F7556}") = "IkeMtz.NRSRx.Core.EntityFramework", "src\IkeMtz.NRSRx.Core.EntityFramework\IkeMtz.NRSRx.Core.EntityFramework.csproj", "{00E643EF-9E58-48FA-9FB9-4736B272DA4B}"
EndProject
Project("{9A19103F-16F7-4668-BE54-9A1E7A4F7556}") = "IkeMtz.NRSRx.Core.Authorization", "src\IkeMtz.NRSRx.Core.Authorization\IkeMtz.NRSRx.Core.Authorization.csproj", "{1598570D-FF97-41D1-94D6-F0A1E777275A}"
EndProject
Project("{9A19103F-16F7-4668-BE54-9A1E7A4F7556}") = "IkeMtz.NRSRx.Core.OData", "src\IkeMtz.NRSRx.Core.OData\IkeMtz.NRSRx.Core.OData.csproj", "{E41D1A2D-73BF-4710-A7CD-66510E8CD22E}"
EndProject
Project("{9A19103F-16F7-4668-BE54-9A1E7A4F7556}") = "IkeMtz.NRSRx.Core.Unigration", "src\IkeMtz.NRSRx.Core.Unigration\IkeMtz.NRSRx.Core.Unigration.csproj", "{9E7F699D-1467-4674-ABBD-227CA82EB205}"
EndProject
Project("{9A19103F-16F7-4668-BE54-9A1E7A4F7556}") = "IkeMtz.NRSRx.Core.Web", "src\IkeMtz.NRSRx.Core.Web\IkeMtz.NRSRx.Core.Web.csproj", "{BCD1732B-D6DA-494B-9265-104153C22EAE}"
EndProject
Project("{9A19103F-16F7-4668-BE54-9A1E7A4F7556}") = "IkeMtz.NRSRx.Core.WebApi", "src\IkeMtz.NRSRx.Core.WebApi\IkeMtz.NRSRx.Core.WebApi.csproj", "{305AEB5E-4D19-4EFC-AF30-FDDBE567ECD6}"
EndProject
Project("{2150E333-8FDC-42A3-9474-1A3956D46DE8}") = "Events", "Events", "{348B7937-9B3C-4BE3-93BD-623578B4486A}"
EndProject
Project("{9A19103F-16F7-4668-BE54-9A1E7A4F7556}") = "IkeMtz.NRSRx.Events.Abstraction", "src\Events\IkeMtz.NRSRx.Events.Abstraction\IkeMtz.NRSRx.Events.Abstraction.csproj", "{9D63F8C6-E3AF-407D-B4C7-DDCE78F51499}"
EndProject
Project("{9A19103F-16F7-4668-BE54-9A1E7A4F7556}") = "IkeMtz.NRSRx.Events.Publishers.ServiceBus", "src\Events\IkeMtz.NRSRx.Events.Publishers.ServiceBus\IkeMtz.NRSRx.Events.Publishers.ServiceBus.csproj", "{4A1CC1B3-06A5-412E-B10F-2B1E6C048F71}"
EndProject
Project("{2150E333-8FDC-42A3-9474-1A3956D46DE8}") = "tests", "tests", "{C4A0E3F1-25F7-4D23-A679-45D9E7E1FA1F}"
EndProject
Project("{9A19103F-16F7-4668-BE54-9A1E7A4F7556}") = "IkeMtz.NRSRx.Core.Tests", "tests\IkeMtz.NRSRx.Core.Tests\IkeMtz.NRSRx.Core.Tests.csproj", "{CAB43D4A-563D-4942-A080-CF2A883836A0}"
EndProject
Project("{2150E333-8FDC-42A3-9474-1A3956D46DE8}") = "Solution Items", "Solution Items", "{2F384E17-D383-4F51-B072-25E4281AC8B4}"
	ProjectSection(SolutionItems) = preProject
		.dockerignore = .dockerignore
		.editorconfig = .editorconfig
		.gitattributes = .gitattributes
		.gitignore = .gitignore
		azure-build-ci.yml = azure-build-ci.yml
		azure-release-cd.yml = azure-release-cd.yml
		guidelines.md = guidelines.md
		integration-tests.Dockerfile = integration-tests.Dockerfile
		LICENSE = LICENSE
		README.md = README.md
		test.RunSettings = test.RunSettings
	EndProjectSection
EndProject
Project("{9A19103F-16F7-4668-BE54-9A1E7A4F7556}") = "IkeMtz.NRSRx.Core.Jwt", "src\IkeMtz.NRSRx.Core.Jwt\IkeMtz.NRSRx.Core.Jwt.csproj", "{F392FAD6-6BF7-4B69-BC10-B0A489B9E7F1}"
EndProject
Project("{2150E333-8FDC-42A3-9474-1A3956D46DE8}") = "samples", "samples", "{9E58C61E-06C8-4E3E-AC67-E8583CAD82A5}"
EndProject
Project("{9A19103F-16F7-4668-BE54-9A1E7A4F7556}") = "IkeMtz.NRSRx.OData.Tests", "tests\IkeMtz.NRSRx.OData.Tests\IkeMtz.NRSRx.OData.Tests.csproj", "{E1915E14-26AC-409C-AD74-D3E877E64B80}"
EndProject
Project("{9A19103F-16F7-4668-BE54-9A1E7A4F7556}") = "IkeMtz.NRSRx.WebApi.Tests", "tests\IkeMtz.NRSRx.WebApi.Tests\IkeMtz.NRSRx.WebApi.Tests.csproj", "{D760D847-DA47-4939-87A5-25CEBE04E727}"
EndProject
Project("{9A19103F-16F7-4668-BE54-9A1E7A4F7556}") = "IkeMtz.Samples.WebApi", "samples\IkeMtz.Samples.WebApi\IkeMtz.Samples.WebApi.csproj", "{648C3B71-FB3C-4D64-BDEF-0791E7661817}"
EndProject
Project("{9A19103F-16F7-4668-BE54-9A1E7A4F7556}") = "IkeMtz.Samples.OData", "samples\IkeMtz.Samples.OData\IkeMtz.Samples.OData.csproj", "{08B53EF2-654C-46C4-8D1B-C8699F4DFBCD}"
EndProject
Project("{2150E333-8FDC-42A3-9474-1A3956D46DE8}") = "tools", "tools", "{91732412-47D1-4412-81FB-8F8C54D28CEF}"
	ProjectSection(SolutionItems) = preProject
		tools\code-refactor-tool.ps1 = tools\code-refactor-tool.ps1
		tools\sonarqube-create-project-guids.ps1 = tools\sonarqube-create-project-guids.ps1
		tools\sql-poco-class-generator.sql = tools\sql-poco-class-generator.sql
	EndProjectSection
EndProject
Project("{9A19103F-16F7-4668-BE54-9A1E7A4F7556}") = "IkeMtz.Samples.OData.Tests", "samples\IkeMtz.Samples.OData.Tests\IkeMtz.Samples.OData.Tests.csproj", "{41B435DB-E189-4A78-B6F4-452E129BB000}"
EndProject
Project("{00D1A9C2-B5F0-4AF3-8072-F6C62B433612}") = "IkeMtz.Samples.Db", "samples\IkeMtz.Samples.Db\IkeMtz.Samples.Db.sqlproj", "{3A7455C2-600A-4FF9-AD6B-2775C220BFDE}"
EndProject
Project("{9A19103F-16F7-4668-BE54-9A1E7A4F7556}") = "IkeMtz.NRSRx.Core.SignalR", "src\IkeMtz.NRSRx.Core.SignalR\IkeMtz.NRSRx.Core.SignalR.csproj", "{E0E7F924-19FE-4EE5-8FCD-A065CBB13831}"
EndProject
Project("{9A19103F-16F7-4668-BE54-9A1E7A4F7556}") = "IkeMtz.NRSRx.SignalR.Tests", "tests\IkeMtz.NRSRx.SignalR.Tests\IkeMtz.NRSRx.SignalR.Tests.csproj", "{B6199B00-5C43-4A78-90AA-5F9BE04B25C0}"
EndProject
Project("{9A19103F-16F7-4668-BE54-9A1E7A4F7556}") = "IkeMtz.Samples.SignalR", "samples\IkeMtz.Samples.SignalR\IkeMtz.Samples.SignalR.csproj", "{B70FF97D-44E9-4794-858F-2F3B8C74E995}"
EndProject
Project("{9A19103F-16F7-4668-BE54-9A1E7A4F7556}") = "IkeMtz.Samples.WebApi.Tests", "samples\IkeMtz.Samples.WebApi.Tests\IkeMtz.Samples.WebApi.Tests.csproj", "{786D0B49-AF3D-473E-9B26-ED364AF57EA8}"
EndProject
Project("{9A19103F-16F7-4668-BE54-9A1E7A4F7556}") = "IkeMtz.NRSRx.Events.Publishers.Redis", "src\Events\IkeMtz.NRSRx.Events.Publishers.Redis\IkeMtz.NRSRx.Events.Publishers.Redis.csproj", "{A965C301-F4FD-4374-B20B-D5BDF0281CBC}"
EndProject
Project("{9A19103F-16F7-4668-BE54-9A1E7A4F7556}") = "IkeMtz.Samples.Events.Redis", "samples\IkeMtz.Samples.Events.Redis\IkeMtz.Samples.Events.Redis.csproj", "{0047AB8C-B49D-42C0-B9C6-5DC850AC2F45}"
EndProject
Project("{9A19103F-16F7-4668-BE54-9A1E7A4F7556}") = "IkeMtz.Samples.Events.Redis.Tests", "samples\IkeMtz.Samples.Events.Redis.Tests\IkeMtz.Samples.Events.Redis.Tests.csproj", "{ED1620E9-D269-4546-9C69-C360EEEF3ED6}"
EndProject
Project("{9A19103F-16F7-4668-BE54-9A1E7A4F7556}") = "IkeMtz.NRSRx.Events.Subscribers.Redis", "src\Events\IkeMtz.NRSRx.Events.Subscribers.Redis\IkeMtz.NRSRx.Events.Subscribers.Redis.csproj", "{E70A93F9-0F0B-408D-97B2-5F4F083104AD}"
EndProject
Project("{9A19103F-16F7-4668-BE54-9A1E7A4F7556}") = "IkeMtz.NRSRx.Events.Redis.Tests", "tests\IkeMtz.NRSRx.Events.Redis.Tests\IkeMtz.NRSRx.Events.Redis.Tests.csproj", "{B5360C5D-3AA0-44B1-A0E1-5B6B7214B4C4}"
EndProject
Project("{2150E333-8FDC-42A3-9474-1A3956D46DE8}") = "Logging", "Logging", "{E6526202-4C03-4B5D-A382-25EF86AC1A55}"
EndProject
Project("{9A19103F-16F7-4668-BE54-9A1E7A4F7556}") = "IkeMtz.NRSRx.Logging.ApplicationInsights", "src\Logging\IkeMtz.NRSRx.Logging.ApplicationInsights\IkeMtz.NRSRx.Logging.ApplicationInsights.csproj", "{ED97213F-4588-4D8B-8ABF-5184F9C7E4DF}"
EndProject
Project("{9A19103F-16F7-4668-BE54-9A1E7A4F7556}") = "IkeMtz.NRSRx.Logging.Splunk", "src\Logging\IkeMtz.NRSRx.Logging.Splunk\IkeMtz.NRSRx.Logging.Splunk.csproj", "{7256C305-4FE0-4098-8D8C-8A45B64FD887}"
EndProject
Project("{9A19103F-16F7-4668-BE54-9A1E7A4F7556}") = "IkeMtz.NRSRx.Logging.Elasticsearch", "src\Logging\IkeMtz.NRSRx.Logging.Elasticsearch\IkeMtz.NRSRx.Logging.Elasticsearch.csproj", "{054028DB-8244-454C-B16B-8DCC0B14CCB5}"
EndProject
Project("{9A19103F-16F7-4668-BE54-9A1E7A4F7556}") = "IkeMtz.NRSRx.Logging.Splunk.Tests", "tests\IkeMtz.NRSRx.Logging.Splunk.Tests\IkeMtz.NRSRx.Logging.Splunk.Tests.csproj", "{F8B6A8C9-5299-45AC-94B0-31E8A498C743}"
EndProject
Project("{9A19103F-16F7-4668-BE54-9A1E7A4F7556}") = "IkeMtz.NRSRx.Logging.Elasticsearch.Tests", "tests\IkeMtz.NRSRx.Logging.Elasticsearch.Tests\IkeMtz.NRSRx.Logging.Elasticsearch.Tests.csproj", "{78936EB0-9269-4FD2-B85F-3A9E5DA292F3}"
EndProject
Project("{9A19103F-16F7-4668-BE54-9A1E7A4F7556}") = "IkeMtz.NRSRx.Events.Publishers.Redis.Tests", "tests\IkeMtz.NRSRx.Events.Publishers.Redis.Tests\IkeMtz.NRSRx.Events.Publishers.Redis.Tests.csproj", "{9E02B609-5409-417C-8516-CF67080AAC38}"
EndProject
Project("{9A19103F-16F7-4668-BE54-9A1E7A4F7556}") = "IkeMtz.NRSRx.Logging.ApplicationInsights.Tests", "tests\IkeMtz.NRSRx.Logging.ApplicationInsights.Tests\IkeMtz.NRSRx.Logging.ApplicationInsights.Tests.csproj", "{A699C68A-B04F-4049-9143-98001BD27143}"
EndProject
Project("{FAE04EC0-301F-11D3-BF4B-00C04F79EFBC}") = "IkeMtz.Samples.Models", "samples\IkeMtz.Samples.Models\IkeMtz.Samples.Models.csproj", "{86BB7332-99F6-4532-8E79-BDD08723BF30}"
EndProject
Global
	GlobalSection(SolutionConfigurationPlatforms) = preSolution
		Debug|Any CPU = Debug|Any CPU
		Release|Any CPU = Release|Any CPU
	EndGlobalSection
	GlobalSection(ProjectConfigurationPlatforms) = postSolution
		{2E1659A1-57F2-4B37-A1E8-2B25B5183055}.Debug|Any CPU.ActiveCfg = Debug|Any CPU
		{2E1659A1-57F2-4B37-A1E8-2B25B5183055}.Debug|Any CPU.Build.0 = Debug|Any CPU
		{2E1659A1-57F2-4B37-A1E8-2B25B5183055}.Release|Any CPU.ActiveCfg = Release|Any CPU
		{2E1659A1-57F2-4B37-A1E8-2B25B5183055}.Release|Any CPU.Build.0 = Release|Any CPU
		{00E643EF-9E58-48FA-9FB9-4736B272DA4B}.Debug|Any CPU.ActiveCfg = Debug|Any CPU
		{00E643EF-9E58-48FA-9FB9-4736B272DA4B}.Debug|Any CPU.Build.0 = Debug|Any CPU
		{00E643EF-9E58-48FA-9FB9-4736B272DA4B}.Release|Any CPU.ActiveCfg = Release|Any CPU
		{00E643EF-9E58-48FA-9FB9-4736B272DA4B}.Release|Any CPU.Build.0 = Release|Any CPU
		{1598570D-FF97-41D1-94D6-F0A1E777275A}.Debug|Any CPU.ActiveCfg = Debug|Any CPU
		{1598570D-FF97-41D1-94D6-F0A1E777275A}.Debug|Any CPU.Build.0 = Debug|Any CPU
		{1598570D-FF97-41D1-94D6-F0A1E777275A}.Release|Any CPU.ActiveCfg = Release|Any CPU
		{1598570D-FF97-41D1-94D6-F0A1E777275A}.Release|Any CPU.Build.0 = Release|Any CPU
		{E41D1A2D-73BF-4710-A7CD-66510E8CD22E}.Debug|Any CPU.ActiveCfg = Debug|Any CPU
		{E41D1A2D-73BF-4710-A7CD-66510E8CD22E}.Debug|Any CPU.Build.0 = Debug|Any CPU
		{E41D1A2D-73BF-4710-A7CD-66510E8CD22E}.Release|Any CPU.ActiveCfg = Release|Any CPU
		{E41D1A2D-73BF-4710-A7CD-66510E8CD22E}.Release|Any CPU.Build.0 = Release|Any CPU
		{9E7F699D-1467-4674-ABBD-227CA82EB205}.Debug|Any CPU.ActiveCfg = Debug|Any CPU
		{9E7F699D-1467-4674-ABBD-227CA82EB205}.Debug|Any CPU.Build.0 = Debug|Any CPU
		{9E7F699D-1467-4674-ABBD-227CA82EB205}.Release|Any CPU.ActiveCfg = Release|Any CPU
		{9E7F699D-1467-4674-ABBD-227CA82EB205}.Release|Any CPU.Build.0 = Release|Any CPU
		{BCD1732B-D6DA-494B-9265-104153C22EAE}.Debug|Any CPU.ActiveCfg = Debug|Any CPU
		{BCD1732B-D6DA-494B-9265-104153C22EAE}.Debug|Any CPU.Build.0 = Debug|Any CPU
		{BCD1732B-D6DA-494B-9265-104153C22EAE}.Release|Any CPU.ActiveCfg = Release|Any CPU
		{BCD1732B-D6DA-494B-9265-104153C22EAE}.Release|Any CPU.Build.0 = Release|Any CPU
		{305AEB5E-4D19-4EFC-AF30-FDDBE567ECD6}.Debug|Any CPU.ActiveCfg = Debug|Any CPU
		{305AEB5E-4D19-4EFC-AF30-FDDBE567ECD6}.Debug|Any CPU.Build.0 = Debug|Any CPU
		{305AEB5E-4D19-4EFC-AF30-FDDBE567ECD6}.Release|Any CPU.ActiveCfg = Release|Any CPU
		{305AEB5E-4D19-4EFC-AF30-FDDBE567ECD6}.Release|Any CPU.Build.0 = Release|Any CPU
		{9D63F8C6-E3AF-407D-B4C7-DDCE78F51499}.Debug|Any CPU.ActiveCfg = Debug|Any CPU
		{9D63F8C6-E3AF-407D-B4C7-DDCE78F51499}.Debug|Any CPU.Build.0 = Debug|Any CPU
		{9D63F8C6-E3AF-407D-B4C7-DDCE78F51499}.Release|Any CPU.ActiveCfg = Release|Any CPU
		{9D63F8C6-E3AF-407D-B4C7-DDCE78F51499}.Release|Any CPU.Build.0 = Release|Any CPU
		{4A1CC1B3-06A5-412E-B10F-2B1E6C048F71}.Debug|Any CPU.ActiveCfg = Debug|Any CPU
		{4A1CC1B3-06A5-412E-B10F-2B1E6C048F71}.Debug|Any CPU.Build.0 = Debug|Any CPU
		{4A1CC1B3-06A5-412E-B10F-2B1E6C048F71}.Release|Any CPU.ActiveCfg = Release|Any CPU
		{4A1CC1B3-06A5-412E-B10F-2B1E6C048F71}.Release|Any CPU.Build.0 = Release|Any CPU
		{CAB43D4A-563D-4942-A080-CF2A883836A0}.Debug|Any CPU.ActiveCfg = Debug|Any CPU
		{CAB43D4A-563D-4942-A080-CF2A883836A0}.Debug|Any CPU.Build.0 = Debug|Any CPU
		{CAB43D4A-563D-4942-A080-CF2A883836A0}.Release|Any CPU.ActiveCfg = Release|Any CPU
		{CAB43D4A-563D-4942-A080-CF2A883836A0}.Release|Any CPU.Build.0 = Release|Any CPU
		{F392FAD6-6BF7-4B69-BC10-B0A489B9E7F1}.Debug|Any CPU.ActiveCfg = Debug|Any CPU
		{F392FAD6-6BF7-4B69-BC10-B0A489B9E7F1}.Debug|Any CPU.Build.0 = Debug|Any CPU
		{F392FAD6-6BF7-4B69-BC10-B0A489B9E7F1}.Release|Any CPU.ActiveCfg = Release|Any CPU
		{F392FAD6-6BF7-4B69-BC10-B0A489B9E7F1}.Release|Any CPU.Build.0 = Release|Any CPU
		{E1915E14-26AC-409C-AD74-D3E877E64B80}.Debug|Any CPU.ActiveCfg = Debug|Any CPU
		{E1915E14-26AC-409C-AD74-D3E877E64B80}.Debug|Any CPU.Build.0 = Debug|Any CPU
		{E1915E14-26AC-409C-AD74-D3E877E64B80}.Release|Any CPU.ActiveCfg = Release|Any CPU
		{E1915E14-26AC-409C-AD74-D3E877E64B80}.Release|Any CPU.Build.0 = Release|Any CPU
		{D760D847-DA47-4939-87A5-25CEBE04E727}.Debug|Any CPU.ActiveCfg = Debug|Any CPU
		{D760D847-DA47-4939-87A5-25CEBE04E727}.Debug|Any CPU.Build.0 = Debug|Any CPU
		{D760D847-DA47-4939-87A5-25CEBE04E727}.Release|Any CPU.ActiveCfg = Release|Any CPU
		{D760D847-DA47-4939-87A5-25CEBE04E727}.Release|Any CPU.Build.0 = Release|Any CPU
		{648C3B71-FB3C-4D64-BDEF-0791E7661817}.Debug|Any CPU.ActiveCfg = Debug|Any CPU
		{648C3B71-FB3C-4D64-BDEF-0791E7661817}.Debug|Any CPU.Build.0 = Debug|Any CPU
		{648C3B71-FB3C-4D64-BDEF-0791E7661817}.Release|Any CPU.ActiveCfg = Release|Any CPU
		{648C3B71-FB3C-4D64-BDEF-0791E7661817}.Release|Any CPU.Build.0 = Release|Any CPU
		{08B53EF2-654C-46C4-8D1B-C8699F4DFBCD}.Debug|Any CPU.ActiveCfg = Debug|Any CPU
		{08B53EF2-654C-46C4-8D1B-C8699F4DFBCD}.Debug|Any CPU.Build.0 = Debug|Any CPU
		{08B53EF2-654C-46C4-8D1B-C8699F4DFBCD}.Release|Any CPU.ActiveCfg = Release|Any CPU
		{08B53EF2-654C-46C4-8D1B-C8699F4DFBCD}.Release|Any CPU.Build.0 = Release|Any CPU
		{41B435DB-E189-4A78-B6F4-452E129BB000}.Debug|Any CPU.ActiveCfg = Debug|Any CPU
		{41B435DB-E189-4A78-B6F4-452E129BB000}.Debug|Any CPU.Build.0 = Debug|Any CPU
		{41B435DB-E189-4A78-B6F4-452E129BB000}.Release|Any CPU.ActiveCfg = Release|Any CPU
		{41B435DB-E189-4A78-B6F4-452E129BB000}.Release|Any CPU.Build.0 = Release|Any CPU
		{3A7455C2-600A-4FF9-AD6B-2775C220BFDE}.Debug|Any CPU.ActiveCfg = Debug|Any CPU
		{3A7455C2-600A-4FF9-AD6B-2775C220BFDE}.Debug|Any CPU.Build.0 = Debug|Any CPU
		{3A7455C2-600A-4FF9-AD6B-2775C220BFDE}.Debug|Any CPU.Deploy.0 = Debug|Any CPU
		{3A7455C2-600A-4FF9-AD6B-2775C220BFDE}.Release|Any CPU.ActiveCfg = Release|Any CPU
		{3A7455C2-600A-4FF9-AD6B-2775C220BFDE}.Release|Any CPU.Build.0 = Release|Any CPU
		{3A7455C2-600A-4FF9-AD6B-2775C220BFDE}.Release|Any CPU.Deploy.0 = Release|Any CPU
		{E0E7F924-19FE-4EE5-8FCD-A065CBB13831}.Debug|Any CPU.ActiveCfg = Debug|Any CPU
		{E0E7F924-19FE-4EE5-8FCD-A065CBB13831}.Debug|Any CPU.Build.0 = Debug|Any CPU
		{E0E7F924-19FE-4EE5-8FCD-A065CBB13831}.Release|Any CPU.ActiveCfg = Release|Any CPU
		{E0E7F924-19FE-4EE5-8FCD-A065CBB13831}.Release|Any CPU.Build.0 = Release|Any CPU
		{B6199B00-5C43-4A78-90AA-5F9BE04B25C0}.Debug|Any CPU.ActiveCfg = Debug|Any CPU
		{B6199B00-5C43-4A78-90AA-5F9BE04B25C0}.Debug|Any CPU.Build.0 = Debug|Any CPU
		{B6199B00-5C43-4A78-90AA-5F9BE04B25C0}.Release|Any CPU.ActiveCfg = Release|Any CPU
		{B6199B00-5C43-4A78-90AA-5F9BE04B25C0}.Release|Any CPU.Build.0 = Release|Any CPU
		{B70FF97D-44E9-4794-858F-2F3B8C74E995}.Debug|Any CPU.ActiveCfg = Debug|Any CPU
		{B70FF97D-44E9-4794-858F-2F3B8C74E995}.Debug|Any CPU.Build.0 = Debug|Any CPU
		{B70FF97D-44E9-4794-858F-2F3B8C74E995}.Release|Any CPU.ActiveCfg = Release|Any CPU
		{B70FF97D-44E9-4794-858F-2F3B8C74E995}.Release|Any CPU.Build.0 = Release|Any CPU
		{786D0B49-AF3D-473E-9B26-ED364AF57EA8}.Debug|Any CPU.ActiveCfg = Debug|Any CPU
		{786D0B49-AF3D-473E-9B26-ED364AF57EA8}.Debug|Any CPU.Build.0 = Debug|Any CPU
		{786D0B49-AF3D-473E-9B26-ED364AF57EA8}.Release|Any CPU.ActiveCfg = Release|Any CPU
		{786D0B49-AF3D-473E-9B26-ED364AF57EA8}.Release|Any CPU.Build.0 = Release|Any CPU
		{A965C301-F4FD-4374-B20B-D5BDF0281CBC}.Debug|Any CPU.ActiveCfg = Debug|Any CPU
		{A965C301-F4FD-4374-B20B-D5BDF0281CBC}.Debug|Any CPU.Build.0 = Debug|Any CPU
		{A965C301-F4FD-4374-B20B-D5BDF0281CBC}.Release|Any CPU.ActiveCfg = Release|Any CPU
		{A965C301-F4FD-4374-B20B-D5BDF0281CBC}.Release|Any CPU.Build.0 = Release|Any CPU
		{0047AB8C-B49D-42C0-B9C6-5DC850AC2F45}.Debug|Any CPU.ActiveCfg = Debug|Any CPU
		{0047AB8C-B49D-42C0-B9C6-5DC850AC2F45}.Debug|Any CPU.Build.0 = Debug|Any CPU
		{0047AB8C-B49D-42C0-B9C6-5DC850AC2F45}.Release|Any CPU.ActiveCfg = Release|Any CPU
		{0047AB8C-B49D-42C0-B9C6-5DC850AC2F45}.Release|Any CPU.Build.0 = Release|Any CPU
		{ED1620E9-D269-4546-9C69-C360EEEF3ED6}.Debug|Any CPU.ActiveCfg = Debug|Any CPU
		{ED1620E9-D269-4546-9C69-C360EEEF3ED6}.Debug|Any CPU.Build.0 = Debug|Any CPU
		{ED1620E9-D269-4546-9C69-C360EEEF3ED6}.Release|Any CPU.ActiveCfg = Release|Any CPU
		{ED1620E9-D269-4546-9C69-C360EEEF3ED6}.Release|Any CPU.Build.0 = Release|Any CPU
		{E70A93F9-0F0B-408D-97B2-5F4F083104AD}.Debug|Any CPU.ActiveCfg = Debug|Any CPU
		{E70A93F9-0F0B-408D-97B2-5F4F083104AD}.Debug|Any CPU.Build.0 = Debug|Any CPU
		{E70A93F9-0F0B-408D-97B2-5F4F083104AD}.Release|Any CPU.ActiveCfg = Release|Any CPU
		{E70A93F9-0F0B-408D-97B2-5F4F083104AD}.Release|Any CPU.Build.0 = Release|Any CPU
		{B5360C5D-3AA0-44B1-A0E1-5B6B7214B4C4}.Debug|Any CPU.ActiveCfg = Debug|Any CPU
		{B5360C5D-3AA0-44B1-A0E1-5B6B7214B4C4}.Debug|Any CPU.Build.0 = Debug|Any CPU
		{B5360C5D-3AA0-44B1-A0E1-5B6B7214B4C4}.Release|Any CPU.ActiveCfg = Release|Any CPU
		{B5360C5D-3AA0-44B1-A0E1-5B6B7214B4C4}.Release|Any CPU.Build.0 = Release|Any CPU
		{ED97213F-4588-4D8B-8ABF-5184F9C7E4DF}.Debug|Any CPU.ActiveCfg = Debug|Any CPU
		{ED97213F-4588-4D8B-8ABF-5184F9C7E4DF}.Debug|Any CPU.Build.0 = Debug|Any CPU
		{ED97213F-4588-4D8B-8ABF-5184F9C7E4DF}.Release|Any CPU.ActiveCfg = Release|Any CPU
		{ED97213F-4588-4D8B-8ABF-5184F9C7E4DF}.Release|Any CPU.Build.0 = Release|Any CPU
		{7256C305-4FE0-4098-8D8C-8A45B64FD887}.Debug|Any CPU.ActiveCfg = Debug|Any CPU
		{7256C305-4FE0-4098-8D8C-8A45B64FD887}.Debug|Any CPU.Build.0 = Debug|Any CPU
		{7256C305-4FE0-4098-8D8C-8A45B64FD887}.Release|Any CPU.ActiveCfg = Release|Any CPU
		{7256C305-4FE0-4098-8D8C-8A45B64FD887}.Release|Any CPU.Build.0 = Release|Any CPU
		{054028DB-8244-454C-B16B-8DCC0B14CCB5}.Debug|Any CPU.ActiveCfg = Debug|Any CPU
		{054028DB-8244-454C-B16B-8DCC0B14CCB5}.Debug|Any CPU.Build.0 = Debug|Any CPU
		{054028DB-8244-454C-B16B-8DCC0B14CCB5}.Release|Any CPU.ActiveCfg = Release|Any CPU
		{054028DB-8244-454C-B16B-8DCC0B14CCB5}.Release|Any CPU.Build.0 = Release|Any CPU
		{F8B6A8C9-5299-45AC-94B0-31E8A498C743}.Debug|Any CPU.ActiveCfg = Debug|Any CPU
		{F8B6A8C9-5299-45AC-94B0-31E8A498C743}.Debug|Any CPU.Build.0 = Debug|Any CPU
		{F8B6A8C9-5299-45AC-94B0-31E8A498C743}.Release|Any CPU.ActiveCfg = Release|Any CPU
		{F8B6A8C9-5299-45AC-94B0-31E8A498C743}.Release|Any CPU.Build.0 = Release|Any CPU
		{78936EB0-9269-4FD2-B85F-3A9E5DA292F3}.Debug|Any CPU.ActiveCfg = Debug|Any CPU
		{78936EB0-9269-4FD2-B85F-3A9E5DA292F3}.Debug|Any CPU.Build.0 = Debug|Any CPU
		{78936EB0-9269-4FD2-B85F-3A9E5DA292F3}.Release|Any CPU.ActiveCfg = Release|Any CPU
		{78936EB0-9269-4FD2-B85F-3A9E5DA292F3}.Release|Any CPU.Build.0 = Release|Any CPU
		{9E02B609-5409-417C-8516-CF67080AAC38}.Debug|Any CPU.ActiveCfg = Debug|Any CPU
		{9E02B609-5409-417C-8516-CF67080AAC38}.Debug|Any CPU.Build.0 = Debug|Any CPU
		{9E02B609-5409-417C-8516-CF67080AAC38}.Release|Any CPU.ActiveCfg = Release|Any CPU
		{9E02B609-5409-417C-8516-CF67080AAC38}.Release|Any CPU.Build.0 = Release|Any CPU
		{A699C68A-B04F-4049-9143-98001BD27143}.Debug|Any CPU.ActiveCfg = Debug|Any CPU
		{A699C68A-B04F-4049-9143-98001BD27143}.Debug|Any CPU.Build.0 = Debug|Any CPU
		{A699C68A-B04F-4049-9143-98001BD27143}.Release|Any CPU.ActiveCfg = Release|Any CPU
		{A699C68A-B04F-4049-9143-98001BD27143}.Release|Any CPU.Build.0 = Release|Any CPU
		{86BB7332-99F6-4532-8E79-BDD08723BF30}.Debug|Any CPU.ActiveCfg = Debug|Any CPU
		{86BB7332-99F6-4532-8E79-BDD08723BF30}.Debug|Any CPU.Build.0 = Debug|Any CPU
		{86BB7332-99F6-4532-8E79-BDD08723BF30}.Release|Any CPU.ActiveCfg = Release|Any CPU
		{86BB7332-99F6-4532-8E79-BDD08723BF30}.Release|Any CPU.Build.0 = Release|Any CPU
	EndGlobalSection
	GlobalSection(SolutionProperties) = preSolution
		HideSolutionNode = FALSE
	EndGlobalSection
	GlobalSection(NestedProjects) = preSolution
		{2E1659A1-57F2-4B37-A1E8-2B25B5183055} = {9927A0A8-CB30-482A-B095-4DC6CF397390}
		{00E643EF-9E58-48FA-9FB9-4736B272DA4B} = {9927A0A8-CB30-482A-B095-4DC6CF397390}
		{1598570D-FF97-41D1-94D6-F0A1E777275A} = {9927A0A8-CB30-482A-B095-4DC6CF397390}
		{E41D1A2D-73BF-4710-A7CD-66510E8CD22E} = {9927A0A8-CB30-482A-B095-4DC6CF397390}
		{9E7F699D-1467-4674-ABBD-227CA82EB205} = {9927A0A8-CB30-482A-B095-4DC6CF397390}
		{BCD1732B-D6DA-494B-9265-104153C22EAE} = {9927A0A8-CB30-482A-B095-4DC6CF397390}
		{305AEB5E-4D19-4EFC-AF30-FDDBE567ECD6} = {9927A0A8-CB30-482A-B095-4DC6CF397390}
		{348B7937-9B3C-4BE3-93BD-623578B4486A} = {9927A0A8-CB30-482A-B095-4DC6CF397390}
		{9D63F8C6-E3AF-407D-B4C7-DDCE78F51499} = {348B7937-9B3C-4BE3-93BD-623578B4486A}
		{4A1CC1B3-06A5-412E-B10F-2B1E6C048F71} = {348B7937-9B3C-4BE3-93BD-623578B4486A}
		{CAB43D4A-563D-4942-A080-CF2A883836A0} = {C4A0E3F1-25F7-4D23-A679-45D9E7E1FA1F}
		{F392FAD6-6BF7-4B69-BC10-B0A489B9E7F1} = {9927A0A8-CB30-482A-B095-4DC6CF397390}
		{E1915E14-26AC-409C-AD74-D3E877E64B80} = {C4A0E3F1-25F7-4D23-A679-45D9E7E1FA1F}
		{D760D847-DA47-4939-87A5-25CEBE04E727} = {C4A0E3F1-25F7-4D23-A679-45D9E7E1FA1F}
		{648C3B71-FB3C-4D64-BDEF-0791E7661817} = {9E58C61E-06C8-4E3E-AC67-E8583CAD82A5}
		{08B53EF2-654C-46C4-8D1B-C8699F4DFBCD} = {9E58C61E-06C8-4E3E-AC67-E8583CAD82A5}
		{91732412-47D1-4412-81FB-8F8C54D28CEF} = {2F384E17-D383-4F51-B072-25E4281AC8B4}
		{41B435DB-E189-4A78-B6F4-452E129BB000} = {9E58C61E-06C8-4E3E-AC67-E8583CAD82A5}
		{3A7455C2-600A-4FF9-AD6B-2775C220BFDE} = {9E58C61E-06C8-4E3E-AC67-E8583CAD82A5}
		{E0E7F924-19FE-4EE5-8FCD-A065CBB13831} = {9927A0A8-CB30-482A-B095-4DC6CF397390}
		{B6199B00-5C43-4A78-90AA-5F9BE04B25C0} = {C4A0E3F1-25F7-4D23-A679-45D9E7E1FA1F}
		{B70FF97D-44E9-4794-858F-2F3B8C74E995} = {9E58C61E-06C8-4E3E-AC67-E8583CAD82A5}
		{786D0B49-AF3D-473E-9B26-ED364AF57EA8} = {9E58C61E-06C8-4E3E-AC67-E8583CAD82A5}
		{A965C301-F4FD-4374-B20B-D5BDF0281CBC} = {348B7937-9B3C-4BE3-93BD-623578B4486A}
		{0047AB8C-B49D-42C0-B9C6-5DC850AC2F45} = {9E58C61E-06C8-4E3E-AC67-E8583CAD82A5}
		{ED1620E9-D269-4546-9C69-C360EEEF3ED6} = {9E58C61E-06C8-4E3E-AC67-E8583CAD82A5}
		{E70A93F9-0F0B-408D-97B2-5F4F083104AD} = {348B7937-9B3C-4BE3-93BD-623578B4486A}
		{B5360C5D-3AA0-44B1-A0E1-5B6B7214B4C4} = {C4A0E3F1-25F7-4D23-A679-45D9E7E1FA1F}
		{E6526202-4C03-4B5D-A382-25EF86AC1A55} = {9927A0A8-CB30-482A-B095-4DC6CF397390}
		{ED97213F-4588-4D8B-8ABF-5184F9C7E4DF} = {E6526202-4C03-4B5D-A382-25EF86AC1A55}
		{7256C305-4FE0-4098-8D8C-8A45B64FD887} = {E6526202-4C03-4B5D-A382-25EF86AC1A55}
		{054028DB-8244-454C-B16B-8DCC0B14CCB5} = {E6526202-4C03-4B5D-A382-25EF86AC1A55}
		{F8B6A8C9-5299-45AC-94B0-31E8A498C743} = {C4A0E3F1-25F7-4D23-A679-45D9E7E1FA1F}
		{78936EB0-9269-4FD2-B85F-3A9E5DA292F3} = {C4A0E3F1-25F7-4D23-A679-45D9E7E1FA1F}
		{9E02B609-5409-417C-8516-CF67080AAC38} = {C4A0E3F1-25F7-4D23-A679-45D9E7E1FA1F}
		{A699C68A-B04F-4049-9143-98001BD27143} = {C4A0E3F1-25F7-4D23-A679-45D9E7E1FA1F}
		{86BB7332-99F6-4532-8E79-BDD08723BF30} = {9E58C61E-06C8-4E3E-AC67-E8583CAD82A5}
	EndGlobalSection
	GlobalSection(ExtensibilityGlobals) = postSolution
		SolutionGuid = {4012E7B1-E9FD-4821-A144-B1E5362D9EA7}
	EndGlobalSection
EndGlobal
