
Microsoft Visual Studio Solution File, Format Version 12.00
# Visual Studio Version 16
VisualStudioVersion = 16.0.28803.452
MinimumVisualStudioVersion = 10.0.40219.1
Project("{2150E333-8FDC-42A3-9474-1A3956D46DE8}") = "src", "src", "{9927A0A8-CB30-482A-B095-4DC6CF397390}"
EndProject
Project("{9A19103F-16F7-4668-BE54-9A1E7A4F7556}") = "IkeMtz.NRSRx.Core.Models", "src\IkeMtz.NRSRx.Core.Models\IkeMtz.NRSRx.Core.Models.csproj", "{2E1659A1-57F2-4B37-A1E8-2B25B5183055}"
EndProject
Project("{9A19103F-16F7-4668-BE54-9A1E7A4F7556}") = "IkeMtz.NRSRx.Core.EntityFramework", "src\IkeMtz.NRSRx.Core.EntityFramework\IkeMtz.NRSRx.Core.EntityFramework.csproj", "{00E643EF-9E58-48FA-9FB9-4736B272DA4B}"
EndProject
Project("{9A19103F-16F7-4668-BE54-9A1E7A4F7556}") = "IkeMtz.NRSRx.Core.Authorization", "src\IkeMtz.NRSRx.Core.Authorization\IkeMtz.NRSRx.Core.Authorization.csproj", "{1598570D-FF97-41D1-94D6-F0A1E777275A}"
EndProject
Project("{9A19103F-16F7-4668-BE54-9A1E7A4F7556}") = "IkeMtz.NRSRx.Core.OData", "src\IkeMtz.NRSRx.Core.OData\IkeMtz.NRSRx.Core.OData.csproj", "{E41D1A2D-73BF-4710-A7CD-66510E8CD22E}"
EndProject
Project("{9A19103F-16F7-4668-BE54-9A1E7A4F7556}") = "IkeMtz.NRSRx.Core.Unigration", "src\IkeMtz.NRSRx.Core.Unigration\IkeMtz.NRSRx.Core.Unigration.csproj", "{9E7F699D-1467-4674-ABBD-227CA82EB205}"
EndProject
Project("{9A19103F-16F7-4668-BE54-9A1E7A4F7556}") = "IkeMtz.NRSRx.Core.Web", "src\IkeMtz.NRSRx.Core.Web\IkeMtz.NRSRx.Core.Web.csproj", "{BCD1732B-D6DA-494B-9265-104153C22EAE}"
EndProject
Project("{9A19103F-16F7-4668-BE54-9A1E7A4F7556}") = "IkeMtz.NRSRx.Core.WebApi", "src\IkeMtz.NRSRx.Core.WebApi\IkeMtz.NRSRx.Core.WebApi.csproj", "{305AEB5E-4D19-4EFC-AF30-FDDBE567ECD6}"
EndProject
Project("{2150E333-8FDC-42A3-9474-1A3956D46DE8}") = "Events", "Events", "{348B7937-9B3C-4BE3-93BD-623578B4486A}"
EndProject
Project("{9A19103F-16F7-4668-BE54-9A1E7A4F7556}") = "IkeMtz.NRSRx.Events.Abstraction", "src\Events\IkeMtz.NRSRx.Events.Abstraction\IkeMtz.NRSRx.Events.Abstraction.csproj", "{9D63F8C6-E3AF-407D-B4C7-DDCE78F51499}"
EndProject
Project("{9A19103F-16F7-4668-BE54-9A1E7A4F7556}") = "IkeMtz.NRSRx.Events.Publishers.ServiceBus", "src\Events\IkeMtz.NRSRx.Events.Publishers.ServiceBus\IkeMtz.NRSRx.Events.Publishers.ServiceBus.csproj", "{4A1CC1B3-06A5-412E-B10F-2B1E6C048F71}"
EndProject
Project("{2150E333-8FDC-42A3-9474-1A3956D46DE8}") = "tests", "tests", "{C4A0E3F1-25F7-4D23-A679-45D9E7E1FA1F}"
EndProject
Project("{9A19103F-16F7-4668-BE54-9A1E7A4F7556}") = "IkeMtz.NRSRx.Core.Tests", "tests\IkeMtz.NRSRx.Core.Tests\IkeMtz.NRSRx.Core.Tests.csproj", "{CAB43D4A-563D-4942-A080-CF2A883836A0}"
EndProject
Project("{2150E333-8FDC-42A3-9474-1A3956D46DE8}") = "Solution Items", "Solution Items", "{2F384E17-D383-4F51-B072-25E4281AC8B4}"
	ProjectSection(SolutionItems) = preProject
		.dockerignore = .dockerignore
		.editorconfig = .editorconfig
		.gitattributes = .gitattributes
		.gitignore = .gitignore
		azure-build-ci.yml = azure-build-ci.yml
		azure-release-cd.yml = azure-release-cd.yml
		LICENSE = LICENSE
		README.md = README.md
		sonarqube-create-project-guids.ps1 = sonarqube-create-project-guids.ps1
		test.RunSettings = test.RunSettings
	EndProjectSection
EndProject
Project("{2150E333-8FDC-42A3-9474-1A3956D46DE8}") = "templates", "templates", "{34E96D0C-05B6-43F1-BFFD-1BFE3C8C9755}"
	ProjectSection(SolutionItems) = preProject
		templates\NRSRx_OData_EF.vstemplate = templates\NRSRx_OData_EF.vstemplate
		templates\NRSRx_WebApi_EF.vstemplate = templates\NRSRx_WebApi_EF.vstemplate
		templates\TagAndUpdateProjectTemplates.sh = templates\TagAndUpdateProjectTemplates.sh
	EndProjectSection
EndProject
Project("{9A19103F-16F7-4668-BE54-9A1E7A4F7556}") = "NRSRx_WebApi_EF", "templates\NRSRx_WebApi_EF\NRSRx_WebApi_EF.csproj", "{D9632B5E-C814-472F-97A2-EA462D87771B}"
EndProject
Project("{FAE04EC0-301F-11D3-BF4B-00C04F79EFBC}") = "NRSRx.Extensions", "templates\NRSRx.Extensions\NRSRx.Extensions.csproj", "{FA75BED6-1FC0-4B93-814C-96D34FB67940}"
EndProject
Project("{9A19103F-16F7-4668-BE54-9A1E7A4F7556}") = "NRSRx_OData_EF", "templates\NRSRx_OData_EF\NRSRx_OData_EF.csproj", "{1C782EC2-1B33-4061-9311-50987DCE5587}"
EndProject
Project("{9A19103F-16F7-4668-BE54-9A1E7A4F7556}") = "IkeMtz.NRSRx.Core.Jwt", "src\IkeMtz.NRSRx.Core.Jwt\IkeMtz.NRSRx.Core.Jwt.csproj", "{F392FAD6-6BF7-4B69-BC10-B0A489B9E7F1}"
EndProject
Project("{2150E333-8FDC-42A3-9474-1A3956D46DE8}") = "samples", "samples", "{9E58C61E-06C8-4E3E-AC67-E8583CAD82A5}"
EndProject
Project("{9A19103F-16F7-4668-BE54-9A1E7A4F7556}") = "IkeMtz.NRSRx.OData.Tests", "tests\IkeMtz.NRSRx.OData.Tests\IkeMtz.NRSRx.OData.Tests.csproj", "{CB89C671-CE66-44B1-80C6-F0FF09B5383E}"
EndProject
Project("{9A19103F-16F7-4668-BE54-9A1E7A4F7556}") = "IkeMtz.NRSRx.WebApi.Tests", "tests\IkeMtz.NRSRx.WebApi.Tests\IkeMtz.NRSRx.WebApi.Tests.csproj", "{B7377202-E30D-4BA0-B52E-0173786806DC}"
EndProject
Project("{FAE04EC0-301F-11D3-BF4B-00C04F79EFBC}") = "IkeMtz.Samples.WebApi", "samples\IkeMtz.Samples.WebApi\IkeMtz.Samples.WebApi.csproj", "{05BBED50-7792-4023-88DA-7A596D73F7D1}"
EndProject
Project("{FAE04EC0-301F-11D3-BF4B-00C04F79EFBC}") = "IkeMtz.Samples.OData", "samples\IkeMtz.Samples.OData\IkeMtz.Samples.OData.csproj", "{08B53EF2-654C-46C4-8D1B-C8699F4DFBCD}"
EndProject
Global
	GlobalSection(SolutionConfigurationPlatforms) = preSolution
		Debug|Any CPU = Debug|Any CPU
		Release|Any CPU = Release|Any CPU
	EndGlobalSection
	GlobalSection(ProjectConfigurationPlatforms) = postSolution
		{2E1659A1-57F2-4B37-A1E8-2B25B5183055}.Debug|Any CPU.ActiveCfg = Debug|Any CPU
		{2E1659A1-57F2-4B37-A1E8-2B25B5183055}.Debug|Any CPU.Build.0 = Debug|Any CPU
		{2E1659A1-57F2-4B37-A1E8-2B25B5183055}.Release|Any CPU.ActiveCfg = Release|Any CPU
		{2E1659A1-57F2-4B37-A1E8-2B25B5183055}.Release|Any CPU.Build.0 = Release|Any CPU
		{00E643EF-9E58-48FA-9FB9-4736B272DA4B}.Debug|Any CPU.ActiveCfg = Debug|Any CPU
		{00E643EF-9E58-48FA-9FB9-4736B272DA4B}.Debug|Any CPU.Build.0 = Debug|Any CPU
		{00E643EF-9E58-48FA-9FB9-4736B272DA4B}.Release|Any CPU.ActiveCfg = Release|Any CPU
		{00E643EF-9E58-48FA-9FB9-4736B272DA4B}.Release|Any CPU.Build.0 = Release|Any CPU
		{1598570D-FF97-41D1-94D6-F0A1E777275A}.Debug|Any CPU.ActiveCfg = Debug|Any CPU
		{1598570D-FF97-41D1-94D6-F0A1E777275A}.Debug|Any CPU.Build.0 = Debug|Any CPU
		{1598570D-FF97-41D1-94D6-F0A1E777275A}.Release|Any CPU.ActiveCfg = Release|Any CPU
		{1598570D-FF97-41D1-94D6-F0A1E777275A}.Release|Any CPU.Build.0 = Release|Any CPU
		{E41D1A2D-73BF-4710-A7CD-66510E8CD22E}.Debug|Any CPU.ActiveCfg = Debug|Any CPU
		{E41D1A2D-73BF-4710-A7CD-66510E8CD22E}.Debug|Any CPU.Build.0 = Debug|Any CPU
		{E41D1A2D-73BF-4710-A7CD-66510E8CD22E}.Release|Any CPU.ActiveCfg = Release|Any CPU
		{E41D1A2D-73BF-4710-A7CD-66510E8CD22E}.Release|Any CPU.Build.0 = Release|Any CPU
		{9E7F699D-1467-4674-ABBD-227CA82EB205}.Debug|Any CPU.ActiveCfg = Debug|Any CPU
		{9E7F699D-1467-4674-ABBD-227CA82EB205}.Debug|Any CPU.Build.0 = Debug|Any CPU
		{9E7F699D-1467-4674-ABBD-227CA82EB205}.Release|Any CPU.ActiveCfg = Release|Any CPU
		{9E7F699D-1467-4674-ABBD-227CA82EB205}.Release|Any CPU.Build.0 = Release|Any CPU
		{BCD1732B-D6DA-494B-9265-104153C22EAE}.Debug|Any CPU.ActiveCfg = Debug|Any CPU
		{BCD1732B-D6DA-494B-9265-104153C22EAE}.Debug|Any CPU.Build.0 = Debug|Any CPU
		{BCD1732B-D6DA-494B-9265-104153C22EAE}.Release|Any CPU.ActiveCfg = Release|Any CPU
		{BCD1732B-D6DA-494B-9265-104153C22EAE}.Release|Any CPU.Build.0 = Release|Any CPU
		{305AEB5E-4D19-4EFC-AF30-FDDBE567ECD6}.Debug|Any CPU.ActiveCfg = Debug|Any CPU
		{305AEB5E-4D19-4EFC-AF30-FDDBE567ECD6}.Debug|Any CPU.Build.0 = Debug|Any CPU
		{305AEB5E-4D19-4EFC-AF30-FDDBE567ECD6}.Release|Any CPU.ActiveCfg = Release|Any CPU
		{305AEB5E-4D19-4EFC-AF30-FDDBE567ECD6}.Release|Any CPU.Build.0 = Release|Any CPU
		{9D63F8C6-E3AF-407D-B4C7-DDCE78F51499}.Debug|Any CPU.ActiveCfg = Debug|Any CPU
		{9D63F8C6-E3AF-407D-B4C7-DDCE78F51499}.Debug|Any CPU.Build.0 = Debug|Any CPU
		{9D63F8C6-E3AF-407D-B4C7-DDCE78F51499}.Release|Any CPU.ActiveCfg = Release|Any CPU
		{9D63F8C6-E3AF-407D-B4C7-DDCE78F51499}.Release|Any CPU.Build.0 = Release|Any CPU
		{4A1CC1B3-06A5-412E-B10F-2B1E6C048F71}.Debug|Any CPU.ActiveCfg = Debug|Any CPU
		{4A1CC1B3-06A5-412E-B10F-2B1E6C048F71}.Debug|Any CPU.Build.0 = Debug|Any CPU
		{4A1CC1B3-06A5-412E-B10F-2B1E6C048F71}.Release|Any CPU.ActiveCfg = Release|Any CPU
		{4A1CC1B3-06A5-412E-B10F-2B1E6C048F71}.Release|Any CPU.Build.0 = Release|Any CPU
		{CAB43D4A-563D-4942-A080-CF2A883836A0}.Debug|Any CPU.ActiveCfg = Debug|Any CPU
		{CAB43D4A-563D-4942-A080-CF2A883836A0}.Debug|Any CPU.Build.0 = Debug|Any CPU
		{CAB43D4A-563D-4942-A080-CF2A883836A0}.Release|Any CPU.ActiveCfg = Release|Any CPU
		{CAB43D4A-563D-4942-A080-CF2A883836A0}.Release|Any CPU.Build.0 = Release|Any CPU
		{D9632B5E-C814-472F-97A2-EA462D87771B}.Debug|Any CPU.ActiveCfg = Debug|Any CPU
		{D9632B5E-C814-472F-97A2-EA462D87771B}.Debug|Any CPU.Build.0 = Debug|Any CPU
		{D9632B5E-C814-472F-97A2-EA462D87771B}.Release|Any CPU.ActiveCfg = Release|Any CPU
		{D9632B5E-C814-472F-97A2-EA462D87771B}.Release|Any CPU.Build.0 = Release|Any CPU
		{FA75BED6-1FC0-4B93-814C-96D34FB67940}.Debug|Any CPU.ActiveCfg = Debug|Any CPU
		{FA75BED6-1FC0-4B93-814C-96D34FB67940}.Debug|Any CPU.Build.0 = Debug|Any CPU
		{FA75BED6-1FC0-4B93-814C-96D34FB67940}.Release|Any CPU.ActiveCfg = Release|Any CPU
		{FA75BED6-1FC0-4B93-814C-96D34FB67940}.Release|Any CPU.Build.0 = Release|Any CPU
		{1C782EC2-1B33-4061-9311-50987DCE5587}.Debug|Any CPU.ActiveCfg = Debug|Any CPU
		{1C782EC2-1B33-4061-9311-50987DCE5587}.Debug|Any CPU.Build.0 = Debug|Any CPU
		{1C782EC2-1B33-4061-9311-50987DCE5587}.Release|Any CPU.ActiveCfg = Release|Any CPU
		{1C782EC2-1B33-4061-9311-50987DCE5587}.Release|Any CPU.Build.0 = Release|Any CPU
		{F392FAD6-6BF7-4B69-BC10-B0A489B9E7F1}.Debug|Any CPU.ActiveCfg = Debug|Any CPU
		{F392FAD6-6BF7-4B69-BC10-B0A489B9E7F1}.Debug|Any CPU.Build.0 = Debug|Any CPU
		{F392FAD6-6BF7-4B69-BC10-B0A489B9E7F1}.Release|Any CPU.ActiveCfg = Release|Any CPU
		{F392FAD6-6BF7-4B69-BC10-B0A489B9E7F1}.Release|Any CPU.Build.0 = Release|Any CPU
		{CB89C671-CE66-44B1-80C6-F0FF09B5383E}.Debug|Any CPU.ActiveCfg = Debug|Any CPU
		{CB89C671-CE66-44B1-80C6-F0FF09B5383E}.Debug|Any CPU.Build.0 = Debug|Any CPU
		{CB89C671-CE66-44B1-80C6-F0FF09B5383E}.Release|Any CPU.ActiveCfg = Release|Any CPU
		{CB89C671-CE66-44B1-80C6-F0FF09B5383E}.Release|Any CPU.Build.0 = Release|Any CPU
		{B7377202-E30D-4BA0-B52E-0173786806DC}.Debug|Any CPU.ActiveCfg = Debug|Any CPU
		{B7377202-E30D-4BA0-B52E-0173786806DC}.Debug|Any CPU.Build.0 = Debug|Any CPU
		{B7377202-E30D-4BA0-B52E-0173786806DC}.Release|Any CPU.ActiveCfg = Release|Any CPU
		{B7377202-E30D-4BA0-B52E-0173786806DC}.Release|Any CPU.Build.0 = Release|Any CPU
		{05BBED50-7792-4023-88DA-7A596D73F7D1}.Debug|Any CPU.ActiveCfg = Debug|Any CPU
		{05BBED50-7792-4023-88DA-7A596D73F7D1}.Debug|Any CPU.Build.0 = Debug|Any CPU
		{05BBED50-7792-4023-88DA-7A596D73F7D1}.Release|Any CPU.ActiveCfg = Release|Any CPU
		{05BBED50-7792-4023-88DA-7A596D73F7D1}.Release|Any CPU.Build.0 = Release|Any CPU
		{08B53EF2-654C-46C4-8D1B-C8699F4DFBCD}.Debug|Any CPU.ActiveCfg = Debug|Any CPU
		{08B53EF2-654C-46C4-8D1B-C8699F4DFBCD}.Debug|Any CPU.Build.0 = Debug|Any CPU
		{08B53EF2-654C-46C4-8D1B-C8699F4DFBCD}.Release|Any CPU.ActiveCfg = Release|Any CPU
		{08B53EF2-654C-46C4-8D1B-C8699F4DFBCD}.Release|Any CPU.Build.0 = Release|Any CPU
	EndGlobalSection
	GlobalSection(SolutionProperties) = preSolution
		HideSolutionNode = FALSE
	EndGlobalSection
	GlobalSection(NestedProjects) = preSolution
		{2E1659A1-57F2-4B37-A1E8-2B25B5183055} = {9927A0A8-CB30-482A-B095-4DC6CF397390}
		{00E643EF-9E58-48FA-9FB9-4736B272DA4B} = {9927A0A8-CB30-482A-B095-4DC6CF397390}
		{1598570D-FF97-41D1-94D6-F0A1E777275A} = {9927A0A8-CB30-482A-B095-4DC6CF397390}
		{E41D1A2D-73BF-4710-A7CD-66510E8CD22E} = {9927A0A8-CB30-482A-B095-4DC6CF397390}
		{9E7F699D-1467-4674-ABBD-227CA82EB205} = {9927A0A8-CB30-482A-B095-4DC6CF397390}
		{BCD1732B-D6DA-494B-9265-104153C22EAE} = {9927A0A8-CB30-482A-B095-4DC6CF397390}
		{305AEB5E-4D19-4EFC-AF30-FDDBE567ECD6} = {9927A0A8-CB30-482A-B095-4DC6CF397390}
		{348B7937-9B3C-4BE3-93BD-623578B4486A} = {9927A0A8-CB30-482A-B095-4DC6CF397390}
		{9D63F8C6-E3AF-407D-B4C7-DDCE78F51499} = {348B7937-9B3C-4BE3-93BD-623578B4486A}
		{4A1CC1B3-06A5-412E-B10F-2B1E6C048F71} = {348B7937-9B3C-4BE3-93BD-623578B4486A}
		{CAB43D4A-563D-4942-A080-CF2A883836A0} = {C4A0E3F1-25F7-4D23-A679-45D9E7E1FA1F}
		{D9632B5E-C814-472F-97A2-EA462D87771B} = {34E96D0C-05B6-43F1-BFFD-1BFE3C8C9755}
		{FA75BED6-1FC0-4B93-814C-96D34FB67940} = {34E96D0C-05B6-43F1-BFFD-1BFE3C8C9755}
		{1C782EC2-1B33-4061-9311-50987DCE5587} = {34E96D0C-05B6-43F1-BFFD-1BFE3C8C9755}
		{F392FAD6-6BF7-4B69-BC10-B0A489B9E7F1} = {9927A0A8-CB30-482A-B095-4DC6CF397390}
		{CB89C671-CE66-44B1-80C6-F0FF09B5383E} = {C4A0E3F1-25F7-4D23-A679-45D9E7E1FA1F}
		{B7377202-E30D-4BA0-B52E-0173786806DC} = {C4A0E3F1-25F7-4D23-A679-45D9E7E1FA1F}
		{05BBED50-7792-4023-88DA-7A596D73F7D1} = {9E58C61E-06C8-4E3E-AC67-E8583CAD82A5}
		{08B53EF2-654C-46C4-8D1B-C8699F4DFBCD} = {9E58C61E-06C8-4E3E-AC67-E8583CAD82A5}
	EndGlobalSection
	GlobalSection(ExtensibilityGlobals) = postSolution
		SolutionGuid = {4012E7B1-E9FD-4821-A144-B1E5362D9EA7}
	EndGlobalSection
EndGlobal
