{
  "version": 1,
  "dependencies": {
    "net10.0": {
      "Microsoft.AspNetCore.Authentication.JwtBearer": {
        "type": "Direct",
        "requested": "[10.0.12, )",
        "resolved": "10.0.12",
        "contentHash": "DeE+Bq2OqB3FikFkZk+7gFBeLOQhkSolejLrbi+a9zpfvXtW1Ff6Nd6DIvHXIm+pc4aM4+52vDy3jnuau0qoUQ==",
        "dependencies": {
          "Microsoft.IdentityModel.Protocols.OpenIdConnect": "8.19.2"
        }
      },
      "Microsoft.AspNetCore.Mvc.NewtonsoftJson": {
        "type": "Direct",
        "requested": "[10.0.12, )",
        "resolved": "10.0.12",
        "contentHash": "/zn5QXe8pVqeQXvd58w3Z5i5HlmvlmgZvCrlXPgC55ftvTHD8oV0Om6jCAtbJjQ5DPzFp0GXjiRKdh1BTqDw0w==",
        "dependencies": {
          "Microsoft.AspNetCore.JsonPatch": "10.0.12",
          "Newtonsoft.Json": "13.0.3",
          "Newtonsoft.Json.Bson": "1.0.2"
        }
      },
      "Microsoft.IdentityModel.Protocols.OpenIdConnect": {
        "type": "Direct",
        "requested": "[8.23.0, )",
        "resolved": "8.23.0",
        "contentHash": "QvvFeTznlWHZ7w3aE4cJ+Ln2BnKzKleVG+H7ywiNcQtGUWmo2XS3LJDizpTyv9N0b8FDWYOnvWAxNynaJapwMQ==",
        "dependencies": {
          "Microsoft.IdentityModel.Protocols": "8.23.0",
          "System.IdentityModel.Tokens.Jwt": "8.23.0"
        }
      },
      "Microsoft.VisualStudio.Azure.Containers.Tools.Targets": {
        "type": "Direct",
        "requested": "[1.23.0, )",
        "resolved": "1.23.0",
        "contentHash": "2wDnb4umupJZ/1ikgWozFVpggH1mlHQFc0odXVv2ZagL3RYwXgW9zmC15fiqIBzmaC0vLZUnLGwDY+p8ZR7Syw=="
      },
      "Serilog.AspNetCore": {
        "type": "Direct",
        "requested": "[10.0.0, )",
        "resolved": "10.0.0",
        "contentHash": "a/cNa1mY4On1oJlfGG1wAvxjp5g7OEzk/Jf/nm7NF9cWoE7KlZw1GldrifUBWm9oKibHkR7Lg/l5jy3y7ACR8w==",
        "dependencies": {
          "Serilog": "4.3.0",
          "Serilog.Extensions.Hosting": "10.0.0",
          "Serilog.Formatting.Compact": "3.0.0",
          "Serilog.Settings.Configuration": "10.0.0",
          "Serilog.Sinks.Console": "6.1.1",
          "Serilog.Sinks.Debug": "3.0.0",
          "Serilog.Sinks.File": "7.0.0"
        }
      },
      "Serilog.Sinks.Splunk": {
        "type": "Direct",
        "requested": "[5.2.0, )",
        "resolved": "5.2.0",
        "contentHash": "kJ+do9vLLymUu8S96qYNX49Q/sLD7EFJAjOMSboMGqf6k1IVE8k5E9qpi25oWea6yEbxfzdUzMP+NfhCcFArHw==",
        "dependencies": {
          "Serilog": "4.2.0"
        }
      },
      "StackExchange.Redis": {
        "type": "Direct",
        "requested": "[3.3.0, )",
        "resolved": "3.3.0",
        "contentHash": "vSB6W7F85IJ9gYAHPcRsQYLGODptvm8kmp1z2XwmKHYWifHiGGDQHzYkNNUKk3bzODOoOM2fuy7nUeNp1MHIKA==",
        "dependencies": {
          "RESPite": "3.3.0",
          "System.IO.Hashing": "10.0.12"
        }
      },
      "Swashbuckle.AspNetCore": {
        "type": "Direct",
        "requested": "[10.2.3, )",
        "resolved": "10.2.3",
        "contentHash": "8KNh1RWvofdU6DVLyBs4Z/OpUMnmf8oNvJQc0QxpwySRbi42bwLfdVMMrXZWANg5U5KQGQq1xW6r/hlcqw99tQ==",
        "dependencies": {
          "Microsoft.Extensions.ApiDescription.Server": "10.0.0",
          "Swashbuckle.AspNetCore.Swagger": "10.2.3",
          "Swashbuckle.AspNetCore.SwaggerGen": "10.2.3",
          "Swashbuckle.AspNetCore.SwaggerUI": "10.2.3"
        }
      },
      "AspNetCore.HealthChecks.Redis": {
        "type": "Transitive",
        "resolved": "9.0.0",
        "contentHash": "yNH0h8GLRbAf+PU5HNVLZ5hNeyq9mDVmRKO9xuZsme/znUYoBJlQvI0gq45gaZNlLncCHkMhR4o90MuT+gxxPw==",
        "dependencies": {
          "StackExchange.Redis": "2.7.4"
        }
      },
      "Microsoft.AspNetCore.JsonPatch": {
        "type": "Transitive",
        "resolved": "10.0.12",
        "contentHash": "/B94WvMCmIU29+pZ0A1q30Umy06Q+0sAeE1KvK10JpUVnFtMTtImVnMhC7BdygJMHwG0xJNHSZX5ug29WldnxA==",
        "dependencies": {
          "Newtonsoft.Json": "13.0.3"
        }
      },
      "Microsoft.AspNetCore.Mvc.Versioning": {
        "type": "Transitive",
        "resolved": "5.1.0",
        "contentHash": "UX8w9BlCiZpr6Ox4YAve1w0CkI1CAovukGNzKd7v0+5pZc8lzuG5tRovucr1RWIKHs0E/Yx8563CN7KzaB3bpw=="
      },
      "Microsoft.AspNetCore.Mvc.Versioning.ApiExplorer": {
        "type": "Transitive",
        "resolved": "5.1.0",
        "contentHash": "p45pSXCJPbx+p9gFNNQPUC547KpqP5cRJke6aygq/M7UzCrJNmJNqD+65pIpY4muYbINqlgrC47h1oc0WbuP1g==",
        "dependencies": {
          "Microsoft.AspNetCore.Mvc.Versioning": "5.1.0"
        }
      },
      "Microsoft.AspNetCore.OpenApi": {
        "type": "Transitive",
        "resolved": "10.0.12",
        "contentHash": "7RnQ/UKn+kK3JDLmTpW+vVqNErWthGPAVAy1aIiBzv4ucQ6g9NFvOJUuT0PHcpvcJxGVxctMxj6t+NESWMrgHQ==",
        "dependencies": {
          "Microsoft.OpenApi": "[2.12.0, 3.0.0)"
        }
      },
      "Microsoft.Bcl.Cryptography": {
        "type": "Transitive",
        "resolved": "10.0.2",
        "contentHash": "LG9Yll3B5aNpxv0+D47g6LiOiKBIlodhcHdQwcYzo8VeexFLGqx5ymetmA2aBRyo9cCcWsQWrFsdbsr8LvmWDw=="
      },
      "Microsoft.Extensions.ApiDescription.Server": {
        "type": "Transitive",
        "resolved": "10.0.0",
        "contentHash": "NCWCGiwRwje8773yzPQhvucYnnfeR+ZoB1VRIrIMp4uaeUNw7jvEPHij3HIbwCDuNCrNcphA00KSAR9yD9qmbg=="
      },
      "Microsoft.Extensions.DependencyModel": {
        "type": "Transitive",
        "resolved": "10.0.0",
        "contentHash": "RFYJR7APio/BiqdQunRq6DB+nDB6nc2qhHr77mlvZ0q0BT8PubMXN7XicmfzCbrDE/dzhBnUKBRXLTcqUiZDGg=="
      },
      "Microsoft.IdentityModel.Abstractions": {
        "type": "Transitive",
        "resolved": "8.23.0",
        "contentHash": "JjiBkKj12OKvuWr+kB5sQwb7fmWW5bi03Mq/rd2Fu/7YwZ1RWQO9KhI9lBxki4o1VvY0wzqny8c7nwx1uuZzVg=="
      },
      "Microsoft.IdentityModel.JsonWebTokens": {
        "type": "Transitive",
        "resolved": "8.23.0",
        "contentHash": "ePEm+mv5iswzckE3mygh52uFUeQpVlHa1B10nS4jpEyNV5tL1mLgRS9U5sMaRlhsPRsZ1DJP0+FhxSrOIfMGIg==",
        "dependencies": {
          "Microsoft.IdentityModel.Tokens": "8.23.0"
        }
      },
      "Microsoft.IdentityModel.Logging": {
        "type": "Transitive",
        "resolved": "8.23.0",
        "contentHash": "wSXXOoV4b4hhRcC492jyNBZkO0LWrcWtWP5Cl5ujrON3vTMlufXDT39gTZfBhFAZCV2XJtNU6DLHMDR6E9YpUg==",
        "dependencies": {
          "Microsoft.IdentityModel.Abstractions": "8.23.0"
        }
      },
      "Microsoft.IdentityModel.Protocols": {
        "type": "Transitive",
        "resolved": "8.23.0",
        "contentHash": "wQxyMdH/9Q25/kF7B56YgyqEaUBXJEQ5IY0TEKNH3oAPewNxVOl0ENuaKu0sazR0kw4owQDDSF+AvWcEFEvo2g==",
        "dependencies": {
          "Microsoft.IdentityModel.Tokens": "8.23.0"
        }
      },
      "Microsoft.IdentityModel.Tokens": {
        "type": "Transitive",
        "resolved": "8.23.0",
        "contentHash": "PUowLq8gqICt+oepHWmKBOJmnVmWoQ5dOVn2CgwFMBZZOAEMHgCQLWs8ONYdsjAyjhDHaFy+AAx0OMG/oV06Zw==",
        "dependencies": {
          "Microsoft.Bcl.Cryptography": "10.0.2",
          "Microsoft.IdentityModel.Logging": "8.23.0"
        }
      },
      "Microsoft.OpenApi": {
        "type": "Transitive",
        "resolved": "2.12.0",
        "contentHash": "0xB/be+f6qYOhvQPUrVsLrau+fkowYv6gt9RIkajMhwT7sZnqtcA797yW3bS5kgSje+AQW4xZgyLnW641YFioQ=="
      },
      "Newtonsoft.Json": {
        "type": "Transitive",
        "resolved": "13.0.4",
        "contentHash": "pdgNNMai3zv51W5aq268sujXUyx7SNdE2bj1wZcWjAQrKMFZV260lbqYop1d2GM67JI1huLRwxo9ZqnfF/lC6A=="
      },
      "Newtonsoft.Json.Bson": {
        "type": "Transitive",
        "resolved": "1.0.2",
        "contentHash": "QYFyxhaABwmq3p/21VrZNYvCg3DaEoN/wUuw5nmfAf0X3HLjgupwhkEWdgfb9nvGAUIv3osmZoD3kKl4jxEmYQ==",
        "dependencies": {
          "Newtonsoft.Json": "12.0.1"
        }
      },
      "RESPite": {
        "type": "Transitive",
        "resolved": "3.3.0",
        "contentHash": "pzHmX5/ffYxDs0liGPwbAQ9c9xRmbhtJ6XnZOpktHAs9x7MTqQByEXiySXzT3xPZ/l8U95OfVUYvm/BOBK6f6w=="
      },
      "Serilog": {
        "type": "Transitive",
        "resolved": "4.3.0",
        "contentHash": "+cDryFR0GRhsGOnZSKwaDzRRl4MupvJ42FhCE4zhQRVanX0Jpg6WuCBk59OVhVDPmab1bB+nRykAnykYELA9qQ=="
      },
      "Serilog.Enrichers.Environment": {
        "type": "Transitive",
        "resolved": "3.0.1",
        "contentHash": "9BqCE4C9FF+/rJb/CsQwe7oVf44xqkOvMwX//CUxvUR25lFL4tSS6iuxE5eW07quby1BAyAEP+vM6TWsnT3iqw==",
        "dependencies": {
          "Serilog": "4.0.0"
        }
      },
      "Serilog.Extensions.Hosting": {
        "type": "Transitive",
        "resolved": "10.0.0",
        "contentHash": "E7juuIc+gzoGxgzFooFgAV8g9BfiSXNKsUok9NmEpyAXg2odkcPsMa/Yo4axkJRlh0se7mkYQ1GXDaBemR+b6w==",
        "dependencies": {
          "Serilog": "4.3.0",
          "Serilog.Extensions.Logging": "10.0.0"
        }
      },
      "Serilog.Extensions.Logging": {
        "type": "Transitive",
        "resolved": "10.0.0",
        "contentHash": "vx0kABKl2dWbBhhqAfTOk53/i8aV/5VaT3a6il9gn72Wqs2pM7EK2OB6No6xdqK2IaY6Zf9gdjLuK9BVa2rT+Q==",
        "dependencies": {
          "Serilog": "4.2.0"
        }
      },
      "Serilog.Formatting.Compact": {
        "type": "Transitive",
        "resolved": "3.0.0",
        "contentHash": "wQsv14w9cqlfB5FX2MZpNsTawckN4a8dryuNGbebB/3Nh1pXnROHZov3swtu3Nj5oNG7Ba+xdu7Et/ulAUPanQ==",
        "dependencies": {
          "Serilog": "4.0.0"
        }
      },
      "Serilog.Settings.Configuration": {
        "type": "Transitive",
        "resolved": "10.0.0",
        "contentHash": "LNq+ibS1sbhTqPV1FIE69/9AJJbfaOhnaqkzcjFy95o+4U+STsta9mi97f1smgXsWYKICDeGUf8xUGzd/52/uA==",
        "dependencies": {
          "Microsoft.Extensions.DependencyModel": "10.0.0",
          "Serilog": "4.3.0"
        }
      },
      "Serilog.Sinks.Console": {
        "type": "Transitive",
        "resolved": "6.1.1",
        "contentHash": "8jbqgjUyZlfCuSTaJk6lOca465OndqOz3KZP6Cryt/IqZYybyBu7GP0fE/AXBzrrQB3EBmQntBFAvMVz1COvAA==",
        "dependencies": {
          "Serilog": "4.0.0"
        }
      },
      "Serilog.Sinks.Debug": {
        "type": "Transitive",
        "resolved": "3.0.0",
        "contentHash": "4BzXcdrgRX7wde9PmHuYd9U6YqycCC28hhpKonK7hx0wb19eiuRj16fPcPSVp0o/Y1ipJuNLYQ00R3q2Zs8FDA==",
        "dependencies": {
          "Serilog": "4.0.0"
        }
      },
      "Serilog.Sinks.File": {
        "type": "Transitive",
        "resolved": "7.0.0",
        "contentHash": "fKL7mXv7qaiNBUC71ssvn/dU0k9t0o45+qm2XgKAlSt19xF+ijjxyA3R6HmCgfKEKwfcfkwWjayuQtRueZFkYw==",
        "dependencies": {
          "Serilog": "4.2.0"
        }
      },
      "Swashbuckle.AspNetCore.Swagger": {
        "type": "Transitive",
        "resolved": "10.2.3",
        "contentHash": "1jUUs3WQnrS0FUtaZPLSy1yYMEwS1zlvDmvQ2/eldPHUANX0LJSLVZecCMgSMdeGiRqeaRrIXLtSz++TCiTMww==",
        "dependencies": {
          "Microsoft.OpenApi": "2.7.5"
        }
      },
      "Swashbuckle.AspNetCore.SwaggerGen": {
        "type": "Transitive",
        "resolved": "10.2.3",
        "contentHash": "y7t4coDRAeFYChmvlMRiH2OjbiRrm9AVIDgt17fQfs3x9PVAI5PiwWYOhg+4F13R4Q36WDc9lqfoOnNa3tNbGg==",
        "dependencies": {
          "Swashbuckle.AspNetCore.Swagger": "10.2.3"
        }
      },
      "Swashbuckle.AspNetCore.SwaggerUI": {
        "type": "Transitive",
        "resolved": "10.2.3",
        "contentHash": "nthWONRs/FJ4yyG206g1cC52WEG8EqrjuMWjGdR+5XG7lbjFto6NqcI9EMICgVFom/UivIjUVwI76ZHbHwTPfQ=="
      },
      "System.ComponentModel.Annotations": {
        "type": "Transitive",
        "resolved": "5.0.0",
        "contentHash": "dMkqfy2el8A8/I76n2Hi1oBFEbG1SfxD2l5nhwXV3XjlnOmwxJlQbYpJH4W51odnU9sARCSAgv7S3CyAFMkpYg=="
      },
      "System.IdentityModel.Tokens.Jwt": {
        "type": "Transitive",
        "resolved": "8.23.0",
        "contentHash": "mUuRjk0KKvF3dlF7CKcnjHn/4TFaWRDGjDRtn1rACitoIflv96apfLD9KPDisyCEuc/0ierocnHCvIXBvCL4Sw==",
        "dependencies": {
          "Microsoft.IdentityModel.JsonWebTokens": "8.23.0",
          "Microsoft.IdentityModel.Tokens": "8.23.0"
        }
      },
      "System.IO.Hashing": {
        "type": "Transitive",
        "resolved": "10.0.12",
        "contentHash": "jDix4bBMYnpZdSPcnY+KDV6ik3SRMzpMKby/bZl/XUwIiflwRNAFZ0oOl61R/pSaveIJ8t1gs2BUlrGsPs/bcg=="
      },
      "System.ValueTuple": {
        "type": "Transitive",
        "resolved": "4.6.2",
        "contentHash": "yQgmjfFximrNm9LIV3mL6T5MzjeC+epeE5rl4hXxAlYmxby7RM1dPSkIKXk9HNkl6G54h2JHOmLD46+Pey+IRg=="
      },
      "ikemtz.nrsrx.core.models": {
        "type": "Project",
        "dependencies": {
          "Newtonsoft.Json": "[13.0.4, )",
          "System.ComponentModel.Annotations": "[5.0.0, )",
          "System.ValueTuple": "[4.6.2, )"
        }
      },
      "ikemtz.nrsrx.core.web": {
        "type": "Project",
        "dependencies": {
          "IkeMtz.NRSRx.Core.Models": "[1.0.0, )",
          "Microsoft.AspNetCore.Authentication.JwtBearer": "[10.0.12, )",
          "Microsoft.AspNetCore.Mvc.Versioning.ApiExplorer": "[5.1.0, )",
          "Microsoft.AspNetCore.OpenApi": "[10.0.12, )",
          "Microsoft.IdentityModel.Protocols.OpenIdConnect": "[8.23.0, )",
          "Newtonsoft.Json": "[13.0.4, )",
          "Swashbuckle.AspNetCore.SwaggerUI": "[10.2.3, )"
        }
      },
      "ikemtz.nrsrx.core.webapi": {
        "type": "Project",
        "dependencies": {
          "IkeMtz.NRSRx.Core.Models": "[1.0.0, )",
          "IkeMtz.NRSRx.Core.Web": "[1.0.0, )",
          "Microsoft.AspNetCore.Authentication.JwtBearer": "[10.0.12, )",
          "Microsoft.AspNetCore.Mvc.NewtonsoftJson": "[10.0.12, )",
          "Microsoft.AspNetCore.Mvc.Versioning.ApiExplorer": "[5.1.0, )",
          "Microsoft.IdentityModel.Protocols.OpenIdConnect": "[8.23.0, )"
        }
      },
      "ikemtz.nrsrx.events.abstraction": {
        "type": "Project",
        "dependencies": {
          "IkeMtz.NRSRx.Core.Models": "[1.0.0, )"
        }
      },
      "ikemtz.nrsrx.events.publishers.redis": {
        "type": "Project",
        "dependencies": {
          "AspNetCore.HealthChecks.Redis": "[9.0.0, )",
          "IkeMtz.NRSRx.Events.Abstraction": "[1.0.0, )",
          "StackExchange.Redis": "[3.3.0, )"
        }
      },
      "ikemtz.nrsrx.logging.splunk": {
        "type": "Project",
        "dependencies": {
          "IkeMtz.NRSRx.Core.Web": "[1.0.0, )",
          "Microsoft.AspNetCore.Authentication.JwtBearer": "[10.0.12, )",
          "Microsoft.IdentityModel.Protocols.OpenIdConnect": "[8.23.0, )",
          "Newtonsoft.Json": "[13.0.4, )",
          "Serilog.AspNetCore": "[10.0.0, )",
          "Serilog.Enrichers.Environment": "[3.0.1, )",
          "Serilog.Sinks.Console": "[6.1.1, )",
          "Serilog.Sinks.Splunk": "[5.2.0, )",
          "Swashbuckle.AspNetCore": "[10.2.3, )"
        }
      },
      "ikemtz.samples.models": {
        "type": "Project",
        "dependencies": {
          "IkeMtz.NRSRx.Core.Models": "[1.0.0, )"
        }
      }
    }
  }
}