{
  "version": 1,
  "dependencies": {
    "net10.0": {
      "Microsoft.AspNetCore.Authentication.JwtBearer": {
        "type": "Direct",
        "requested": "[10.0.11, )",
        "resolved": "10.0.11",
        "contentHash": "Dy9yElSej0rVQL8LBpCLatWTKXNH6h6VBVFmGndTCf1Wge0jSvH9U8mml6ddVDAQ089q1/fDYlhyukHSgx8unQ==",
        "dependencies": {
          "Microsoft.IdentityModel.Protocols.OpenIdConnect": "8.19.2"
        }
      },
      "Microsoft.AspNetCore.Mvc.Versioning.ApiExplorer": {
        "type": "Direct",
        "requested": "[5.1.0, )",
        "resolved": "5.1.0",
        "contentHash": "p45pSXCJPbx+p9gFNNQPUC547KpqP5cRJke6aygq/M7UzCrJNmJNqD+65pIpY4muYbINqlgrC47h1oc0WbuP1g==",
        "dependencies": {
          "Microsoft.AspNetCore.Mvc.Versioning": "5.1.0"
        }
      },
      "Microsoft.AspNetCore.OpenApi": {
        "type": "Direct",
        "requested": "[10.0.11, )",
        "resolved": "10.0.11",
        "contentHash": "R/1EATnPLU+gRfB6lwVkMcymmyAY5ppBBdRN/5lhNEiT3xP1sWccuSFkU/f1lQvN/WgRq5Vn8AhCdE3fqgsL/w==",
        "dependencies": {
          "Microsoft.OpenApi": "[2.7.5, 3.0.0)"
        }
      },
      "Microsoft.Extensions.Configuration.Binder": {
        "type": "Direct",
        "requested": "[10.0.11, )",
        "resolved": "10.0.11",
        "contentHash": "rFn8RuszZn3qquPVkDytMUlPc2+rXl9MCoygwc1XmAgC5vg5/oXJ8hkOosOrLoBLsqdTy4lFwP6iQdPS9uSYOA==",
        "dependencies": {
          "Microsoft.Extensions.Configuration": "10.0.11",
          "Microsoft.Extensions.Configuration.Abstractions": "10.0.11"
        }
      },
      "Microsoft.Extensions.DependencyInjection.Abstractions": {
        "type": "Direct",
        "requested": "[10.0.11, )",
        "resolved": "10.0.11",
        "contentHash": "/a1aJz4m7ylhEDf25ugQChLQoN5XwoGjWw/BoR/ZWWKsO1v4DdJElS1uyngahz4B/eOzjFk1KNTkarRLE5wsIg=="
      },
      "Microsoft.IdentityModel.Protocols.OpenIdConnect": {
        "type": "Direct",
        "requested": "[8.22.0, )",
        "resolved": "8.22.0",
        "contentHash": "RAStsQi0eIj2gcA6G1lVx2H39v9eCJty9bLymx4oeLzmEISxfa6MxTaZkbsp+Plccz0Uiv8r7efiaG10i3WHkg==",
        "dependencies": {
          "Microsoft.IdentityModel.Protocols": "8.22.0",
          "System.IdentityModel.Tokens.Jwt": "8.22.0"
        }
      },
      "Microsoft.SourceLink.GitHub": {
        "type": "Direct",
        "requested": "[10.0.400, )",
        "resolved": "10.0.400",
        "contentHash": "N1Ut0+EmMb2Tma9spHxAgpCspkln4gst1RWYc1PYPn8LA4KJWDSiggKpE183lfR98TNG2C+XnJ71zSYtuCSsqA==",
        "dependencies": {
          "Microsoft.Build.Tasks.Git": "10.0.400",
          "Microsoft.SourceLink.Common": "10.0.400",
          "System.IO.Hashing": "10.0.11"
        }
      },
      "Newtonsoft.Json": {
        "type": "Direct",
        "requested": "[13.0.4, )",
        "resolved": "13.0.4",
        "contentHash": "pdgNNMai3zv51W5aq268sujXUyx7SNdE2bj1wZcWjAQrKMFZV260lbqYop1d2GM67JI1huLRwxo9ZqnfF/lC6A=="
      },
      "Swashbuckle.AspNetCore.SwaggerUI": {
        "type": "Direct",
        "requested": "[10.2.3, )",
        "resolved": "10.2.3",
        "contentHash": "nthWONRs/FJ4yyG206g1cC52WEG8EqrjuMWjGdR+5XG7lbjFto6NqcI9EMICgVFom/UivIjUVwI76ZHbHwTPfQ=="
      },
      "Microsoft.AspNetCore.Mvc.Versioning": {
        "type": "Transitive",
        "resolved": "5.1.0",
        "contentHash": "UX8w9BlCiZpr6Ox4YAve1w0CkI1CAovukGNzKd7v0+5pZc8lzuG5tRovucr1RWIKHs0E/Yx8563CN7KzaB3bpw=="
      },
      "Microsoft.Bcl.Cryptography": {
        "type": "Transitive",
        "resolved": "10.0.2",
        "contentHash": "LG9Yll3B5aNpxv0+D47g6LiOiKBIlodhcHdQwcYzo8VeexFLGqx5ymetmA2aBRyo9cCcWsQWrFsdbsr8LvmWDw=="
      },
      "Microsoft.Build.Tasks.Git": {
        "type": "Transitive",
        "resolved": "10.0.400",
        "contentHash": "uXJ/eBDqAo9HlyPjvvvynjHb59KXQWG9txpBzyI1drO6MV3Lhndt2yhxuMKvIga4kND2UKc3xCNXlXBhWU8Hlg==",
        "dependencies": {
          "System.IO.Hashing": "10.0.11"
        }
      },
      "Microsoft.Extensions.Configuration": {
        "type": "Transitive",
        "resolved": "10.0.11",
        "contentHash": "wlhRqZW8LcJPa+vk2oLAc/REXDItHtkFQdf/QcXYGZbZOO13izcsKY1pCvuFQYwUiZD+hwSZwsKASjqT+BNaVg==",
        "dependencies": {
          "Microsoft.Extensions.Configuration.Abstractions": "10.0.11",
          "Microsoft.Extensions.Primitives": "10.0.11"
        }
      },
      "Microsoft.Extensions.Configuration.Abstractions": {
        "type": "Transitive",
        "resolved": "10.0.11",
        "contentHash": "fVi053xdpda9Em7vSkmgVxO/PtgC2m78ekReKWsgcyskqY0U82Bz/MONwxpGzI0hElYKJfw+fupqMVeKW3fSaA==",
        "dependencies": {
          "Microsoft.Extensions.Primitives": "10.0.11"
        }
      },
      "Microsoft.Extensions.Logging.Abstractions": {
        "type": "Transitive",
        "resolved": "8.0.0",
        "contentHash": "arDBqTgFCyS0EvRV7O3MZturChstm50OJ0y9bDJvAcmEPJm0FFpFyjU/JLYyStNGGey081DvnQYlncNX5SJJGA==",
        "dependencies": {
          "Microsoft.Extensions.DependencyInjection.Abstractions": "8.0.0"
        }
      },
      "Microsoft.Extensions.Primitives": {
        "type": "Transitive",
        "resolved": "10.0.11",
        "contentHash": "SXcz+kF+4Oo9b1+55zntpJFYfwb1jw66ioxptyNOOTDc8g2FHnBFWjZpsWfCvZIhzr0x+4e2trVTs4OKwQfBtw=="
      },
      "Microsoft.IdentityModel.Abstractions": {
        "type": "Transitive",
        "resolved": "8.22.0",
        "contentHash": "LU3V3owsu4vGpCg2kyL7SsQEuHwcoJ8FSNBqzLADzCf3/PcKUTcx5Plsd51DoTJMfK/WigXV/03UhaN5JXE6uQ=="
      },
      "Microsoft.IdentityModel.JsonWebTokens": {
        "type": "Transitive",
        "resolved": "8.22.0",
        "contentHash": "kv6peMLjALZLDAy2H3F77KjVRdwiscn2p/g3ui2chcbuEcAX2MpAbyDcYnJ7Vyh8jZ1aJWrniUMCDWoOgnu4NQ==",
        "dependencies": {
          "Microsoft.IdentityModel.Tokens": "8.22.0"
        }
      },
      "Microsoft.IdentityModel.Logging": {
        "type": "Transitive",
        "resolved": "8.22.0",
        "contentHash": "G9Tl0yXSlr2pkXv4EpXjO16M4q6oo9N/od+gNyOusZ8yM8LZg1H3f/QOMFuOJiV6znzY5MkAREU97JRRnqpEQw==",
        "dependencies": {
          "Microsoft.IdentityModel.Abstractions": "8.22.0"
        }
      },
      "Microsoft.IdentityModel.Protocols": {
        "type": "Transitive",
        "resolved": "8.22.0",
        "contentHash": "q7VTnFzKHOUy1L7M6FOTD0nUboDobJIPb+Sl13bQ4O0lYtpTJ9wemcuZaDYOmT/3ZKyUUCFuFjt5UReYC2dlQA==",
        "dependencies": {
          "Microsoft.IdentityModel.Tokens": "8.22.0"
        }
      },
      "Microsoft.IdentityModel.Tokens": {
        "type": "Transitive",
        "resolved": "8.22.0",
        "contentHash": "i4lywKKUuVmheCUA+w/q8QNPReNI0qanHI9hhz48AFqD1ljyb8sxPL2RbXOGiPV13XdJ4kxieL9ukS7tD43LxA==",
        "dependencies": {
          "Microsoft.Bcl.Cryptography": "10.0.2",
          "Microsoft.Extensions.Logging.Abstractions": "8.0.0",
          "Microsoft.IdentityModel.Logging": "8.22.0"
        }
      },
      "Microsoft.OpenApi": {
        "type": "Transitive",
        "resolved": "2.7.5",
        "contentHash": "0FA67RSnRM4tcBKqiqVu/HPdZ9+QOKbmeRjxRUGTCjPU4C0bmUhd97Dso7Yild5P7nOV6GxJ2xrK0Kv/O9xp0w=="
      },
      "Microsoft.SourceLink.Common": {
        "type": "Transitive",
        "resolved": "10.0.400",
        "contentHash": "Knli3Y2k/rdBqUlQ8TP+Sbd0J0jV/0kvgLsxieowoVayioZ0JGfqb9go+/dQJqtU53i6IpZzRxAPxbBT5UJBNg=="
      },
      "System.ComponentModel.Annotations": {
        "type": "Transitive",
        "resolved": "5.0.0",
        "contentHash": "dMkqfy2el8A8/I76n2Hi1oBFEbG1SfxD2l5nhwXV3XjlnOmwxJlQbYpJH4W51odnU9sARCSAgv7S3CyAFMkpYg=="
      },
      "System.IdentityModel.Tokens.Jwt": {
        "type": "Transitive",
        "resolved": "8.22.0",
        "contentHash": "CpXGfNhLl6EgYaOC9XYsc1p7Ci9HtAy0soHJDSBNGse647al4tTq9RDr+LQsrF4Ls79Dx7VfzN34km0W4DWPow==",
        "dependencies": {
          "Microsoft.IdentityModel.JsonWebTokens": "8.22.0",
          "Microsoft.IdentityModel.Tokens": "8.22.0"
        }
      },
      "System.IO.Hashing": {
        "type": "Transitive",
        "resolved": "10.0.11",
        "contentHash": "OzKDcIRkeNJeC8qAsbn8yJXnfTLP1dtkWILe+T56Gf/z+IkAASi7sMqLqJQat08j5z/mRN5xVtoAwbkMNMoBUQ=="
      },
      "System.ValueTuple": {
        "type": "Transitive",
        "resolved": "4.6.2",
        "contentHash": "yQgmjfFximrNm9LIV3mL6T5MzjeC+epeE5rl4hXxAlYmxby7RM1dPSkIKXk9HNkl6G54h2JHOmLD46+Pey+IRg=="
      },
      "ikemtz.nrsrx.core.models": {
        "type": "Project",
        "dependencies": {
          "Newtonsoft.Json": "[13.0.4, )",
          "System.ComponentModel.Annotations": "[5.0.0, )",
          "System.ValueTuple": "[4.6.2, )"
        }
      }
    }
  }
}